
Microsoft Visual Studio Solution File, Format Version 12.00
# Visual Studio Version 16
VisualStudioVersion = 16.0.32002.261
MinimumVisualStudioVersion = 10.0.40219.1
Project("{FAE04EC0-301F-11D3-BF4B-00C04F79EFBC}") = "CqrsMediatrPatternExample", "CqrsMediatrPatternExample\CqrsMediatrPatternExample.csproj", "{402AC31C-3A96-4212-8600-212FAF4A4769}"
EndProject
Global
	GlobalSection(SolutionConfigurationPlatforms) = preSolution
		Debug|Any CPU = Debug|Any CPU
		Release|Any CPU = Release|Any CPU
	EndGlobalSection
	GlobalSection(ProjectConfigurationPlatforms) = postSolution
		{402AC31C-3A96-4212-8600-212FAF4A4769}.Debug|Any CPU.ActiveCfg = Debug|Any CPU
		{402AC31C-3A96-4212-8600-212FAF4A4769}.Debug|Any CPU.Build.0 = Debug|Any CPU
		{402AC31C-3A96-4212-8600-212FAF4A4769}.Release|Any CPU.ActiveCfg = Release|Any CPU
		{402AC31C-3A96-4212-8600-212FAF4A4769}.Release|Any CPU.Build.0 = Release|Any CPU
	EndGlobalSection
	GlobalSection(SolutionProperties) = preSolution
		HideSolutionNode = FALSE
	EndGlobalSection
	GlobalSection(ExtensibilityGlobals) = postSolution
		SolutionGuid = {F4C45BCD-BF5F-4461-89CF-4F923EE5EA78}
	EndGlobalSection
EndGlobal
